
Microsoft Visual Studio Solution File, Format Version 12.00
# Visual Studio Version 17
VisualStudioVersion = 17.8.34330.188
MinimumVisualStudioVersion = 10.0.40219.1
Project("{FAE04EC0-301F-11D3-BF4B-00C04F79EFBC}") = "PhoenixToolkits.AwaitHelpers", "PhoenixToolkits.AwaitHelpers\PhoenixToolkits.AwaitHelpers.csproj", "{19CD9E01-BF07-4973-A274-5782DFC614AD}"
EndProject
Global
	GlobalSection(SolutionConfigurationPlatforms) = preSolution
		Debug|Any CPU = Debug|Any CPU
		Release|Any CPU = Release|Any CPU
	EndGlobalSection
	GlobalSection(ProjectConfigurationPlatforms) = postSolution
		{19CD9E01-BF07-4973-A274-5782DFC614AD}.Debug|Any CPU.ActiveCfg = Debug|Any CPU
		{19CD9E01-BF07-4973-A274-5782DFC614AD}.Debug|Any CPU.Build.0 = Debug|Any CPU
		{19CD9E01-BF07-4973-A274-5782DFC614AD}.Release|Any CPU.ActiveCfg = Release|Any CPU
		{19CD9E01-BF07-4973-A274-5782DFC614AD}.Release|Any CPU.Build.0 = Release|Any CPU
	EndGlobalSection
	GlobalSection(SolutionProperties) = preSolution
		HideSolutionNode = FALSE
	EndGlobalSection
	GlobalSection(ExtensibilityGlobals) = postSolution
		SolutionGuid = {B4D46DB6-0DA6-4C3C-8C15-DA9A2686E166}
	EndGlobalSection
EndGlobal
